
Microsoft Visual Studio Solution File, Format Version 12.00
# Visual Studio 15
VisualStudioVersion = 15.0.26124.0
MinimumVisualStudioVersion = 15.0.26124.0
Project("{9A19103F-16F7-4668-BE54-9A1E7A4F7556}") = "R5T.L0006.Construction", "R5T.L0006.Construction\R5T.L0006.Construction.csproj", "{0ABCBD0A-26BC-4B9D-A6D1-F080D8370992}"
EndProject
Project("{9A19103F-16F7-4668-BE54-9A1E7A4F7556}") = "R5T.L0006", "R5T.L0006\R5T.L0006.csproj", "{CF6765FE-4072-4891-A6A5-58903A45E5C2}"
EndProject
Project("{FAE04EC0-301F-11D3-BF4B-00C04F79EFBC}") = "R5T.L0006.Extensions", "R5T.L0006.Extensions\R5T.L0006.Extensions.csproj", "{A883C6AB-ADFF-4CD3-9465-C93FA27C1423}"
EndProject
Global
	GlobalSection(SolutionConfigurationPlatforms) = preSolution
		Debug|Any CPU = Debug|Any CPU
		Debug|x64 = Debug|x64
		Debug|x86 = Debug|x86
		Release|Any CPU = Release|Any CPU
		Release|x64 = Release|x64
		Release|x86 = Release|x86
	EndGlobalSection
	GlobalSection(ProjectConfigurationPlatforms) = postSolution
		{0ABCBD0A-26BC-4B9D-A6D1-F080D8370992}.Debug|Any CPU.ActiveCfg = Debug|Any CPU
		{0ABCBD0A-26BC-4B9D-A6D1-F080D8370992}.Debug|Any CPU.Build.0 = Debug|Any CPU
		{0ABCBD0A-26BC-4B9D-A6D1-F080D8370992}.Debug|x64.ActiveCfg = Debug|Any CPU
		{0ABCBD0A-26BC-4B9D-A6D1-F080D8370992}.Debug|x64.Build.0 = Debug|Any CPU
		{0ABCBD0A-26BC-4B9D-A6D1-F080D8370992}.Debug|x86.ActiveCfg = Debug|Any CPU
		{0ABCBD0A-26BC-4B9D-A6D1-F080D8370992}.Debug|x86.Build.0 = Debug|Any CPU
		{0ABCBD0A-26BC-4B9D-A6D1-F080D8370992}.Release|Any CPU.ActiveCfg = Release|Any CPU
		{0ABCBD0A-26BC-4B9D-A6D1-F080D8370992}.Release|Any CPU.Build.0 = Release|Any CPU
		{0ABCBD0A-26BC-4B9D-A6D1-F080D8370992}.Release|x64.ActiveCfg = Release|Any CPU
		{0ABCBD0A-26BC-4B9D-A6D1-F080D8370992}.Release|x64.Build.0 = Release|Any CPU
		{0ABCBD0A-26BC-4B9D-A6D1-F080D8370992}.Release|x86.ActiveCfg = Release|Any CPU
		{0ABCBD0A-26BC-4B9D-A6D1-F080D8370992}.Release|x86.Build.0 = Release|Any CPU
		{CF6765FE-4072-4891-A6A5-58903A45E5C2}.Debug|Any CPU.ActiveCfg = Debug|Any CPU
		{CF6765FE-4072-4891-A6A5-58903A45E5C2}.Debug|Any CPU.Build.0 = Debug|Any CPU
		{CF6765FE-4072-4891-A6A5-58903A45E5C2}.Debug|x64.ActiveCfg = Debug|Any CPU
		{CF6765FE-4072-4891-A6A5-58903A45E5C2}.Debug|x64.Build.0 = Debug|Any CPU
		{CF6765FE-4072-4891-A6A5-58903A45E5C2}.Debug|x86.ActiveCfg = Debug|Any CPU
		{CF6765FE-4072-4891-A6A5-58903A45E5C2}.Debug|x86.Build.0 = Debug|Any CPU
		{CF6765FE-4072-4891-A6A5-58903A45E5C2}.Release|Any CPU.ActiveCfg = Release|Any CPU
		{CF6765FE-4072-4891-A6A5-58903A45E5C2}.Release|Any CPU.Build.0 = Release|Any CPU
		{CF6765FE-4072-4891-A6A5-58903A45E5C2}.Release|x64.ActiveCfg = Release|Any CPU
		{CF6765FE-4072-4891-A6A5-58903A45E5C2}.Release|x64.Build.0 = Release|Any CPU
		{CF6765FE-4072-4891-A6A5-58903A45E5C2}.Release|x86.ActiveCfg = Release|Any CPU
		{CF6765FE-4072-4891-A6A5-58903A45E5C2}.Release|x86.Build.0 = Release|Any CPU
		{A883C6AB-ADFF-4CD3-9465-C93FA27C1423}.Debug|Any CPU.ActiveCfg = Debug|Any CPU
		{A883C6AB-ADFF-4CD3-9465-C93FA27C1423}.Debug|Any CPU.Build.0 = Debug|Any CPU
		{A883C6AB-ADFF-4CD3-9465-C93FA27C1423}.Debug|x64.ActiveCfg = Debug|Any CPU
		{A883C6AB-ADFF-4CD3-9465-C93FA27C1423}.Debug|x64.Build.0 = Debug|Any CPU
		{A883C6AB-ADFF-4CD3-9465-C93FA27C1423}.Debug|x86.ActiveCfg = Debug|Any CPU
		{A883C6AB-ADFF-4CD3-9465-C93FA27C1423}.Debug|x86.Build.0 = Debug|Any CPU
		{A883C6AB-ADFF-4CD3-9465-C93FA27C1423}.Release|Any CPU.ActiveCfg = Release|Any CPU
		{A883C6AB-ADFF-4CD3-9465-C93FA27C1423}.Release|Any CPU.Build.0 = Release|Any CPU
		{A883C6AB-ADFF-4CD3-9465-C93FA27C1423}.Release|x64.ActiveCfg = Release|Any CPU
		{A883C6AB-ADFF-4CD3-9465-C93FA27C1423}.Release|x64.Build.0 = Release|Any CPU
		{A883C6AB-ADFF-4CD3-9465-C93FA27C1423}.Release|x86.ActiveCfg = Release|Any CPU
		{A883C6AB-ADFF-4CD3-9465-C93FA27C1423}.Release|x86.Build.0 = Release|Any CPU
	EndGlobalSection
	GlobalSection(SolutionProperties) = preSolution
		HideSolutionNode = FALSE
	EndGlobalSection
	GlobalSection(ExtensibilityGlobals) = postSolution
		SolutionGuid = {0596646E-680B-48C3-B30C-CAE261FCC771}
	EndGlobalSection
EndGlobal
